
Microsoft Visual Studio Solution File, Format Version 12.00
# Visual Studio 2012
Project("{8BC9CEB8-8B4A-11D0-8D11-00A0C91BC942}") = "PhoneAnsweringDetection", "PhoneAnsweringDetection\PhoneAnsweringDetection.vcxproj", "{228CAD5B-A8BC-4CD6-8455-D75C65E9EFAC}"
EndProject
Global
	GlobalSection(SolutionConfigurationPlatforms) = preSolution
		Debug|Win32 = Debug|Win32
		Release|Win32 = Release|Win32
	EndGlobalSection
	GlobalSection(ProjectConfigurationPlatforms) = postSolution
		{228CAD5B-A8BC-4CD6-8455-D75C65E9EFAC}.Debug|Win32.ActiveCfg = Debug|Win32
		{228CAD5B-A8BC-4CD6-8455-D75C65E9EFAC}.Debug|Win32.Build.0 = Debug|Win32
		{228CAD5B-A8BC-4CD6-8455-D75C65E9EFAC}.Release|Win32.ActiveCfg = Release|Win32
		{228CAD5B-A8BC-4CD6-8455-D75C65E9EFAC}.Release|Win32.Build.0 = Release|Win32
	EndGlobalSection
	GlobalSection(SolutionProperties) = preSolution
		HideSolutionNode = FALSE
	EndGlobalSection
EndGlobal
